
Microsoft Visual Studio Solution File, Format Version 12.00
# Visual Studio Version 16
VisualStudioVersion = 16.0.30503.244
MinimumVisualStudioVersion = 10.0.40219.1
Project("{9A19103F-16F7-4668-BE54-9A1E7A4F7556}") = "SDMS API", "SDMS API\SDMS API.csproj", "{FD8E839D-E762-4955-BEEB-B288FCEA9B40}"
EndProject
Project("{FAE04EC0-301F-11D3-BF4B-00C04F79EFBC}") = "SDMS Desktop", "SDMS Desktop\SDMS Desktop.csproj", "{EC720EBE-A486-4AF7-AF35-C3249F59DFB6}"
EndProject
Project("{FAE04EC0-301F-11D3-BF4B-00C04F79EFBC}") = "SDMS Web", "SDMS Web\SDMS Web.csproj", "{242F94AB-7AAB-4298-900F-B6AD3EA6EC84}"
EndProject
Global
	GlobalSection(SolutionConfigurationPlatforms) = preSolution
		Debug|Any CPU = Debug|Any CPU
		Release|Any CPU = Release|Any CPU
	EndGlobalSection
	GlobalSection(ProjectConfigurationPlatforms) = postSolution
		{FD8E839D-E762-4955-BEEB-B288FCEA9B40}.Debug|Any CPU.ActiveCfg = Debug|Any CPU
		{FD8E839D-E762-4955-BEEB-B288FCEA9B40}.Debug|Any CPU.Build.0 = Debug|Any CPU
		{FD8E839D-E762-4955-BEEB-B288FCEA9B40}.Release|Any CPU.ActiveCfg = Release|Any CPU
		{FD8E839D-E762-4955-BEEB-B288FCEA9B40}.Release|Any CPU.Build.0 = Release|Any CPU
		{EC720EBE-A486-4AF7-AF35-C3249F59DFB6}.Debug|Any CPU.ActiveCfg = Debug|Any CPU
		{EC720EBE-A486-4AF7-AF35-C3249F59DFB6}.Debug|Any CPU.Build.0 = Debug|Any CPU
		{EC720EBE-A486-4AF7-AF35-C3249F59DFB6}.Release|Any CPU.ActiveCfg = Release|Any CPU
		{EC720EBE-A486-4AF7-AF35-C3249F59DFB6}.Release|Any CPU.Build.0 = Release|Any CPU
		{242F94AB-7AAB-4298-900F-B6AD3EA6EC84}.Debug|Any CPU.ActiveCfg = Debug|Any CPU
		{242F94AB-7AAB-4298-900F-B6AD3EA6EC84}.Debug|Any CPU.Build.0 = Debug|Any CPU
		{242F94AB-7AAB-4298-900F-B6AD3EA6EC84}.Release|Any CPU.ActiveCfg = Release|Any CPU
		{242F94AB-7AAB-4298-900F-B6AD3EA6EC84}.Release|Any CPU.Build.0 = Release|Any CPU
	EndGlobalSection
	GlobalSection(SolutionProperties) = preSolution
		HideSolutionNode = FALSE
	EndGlobalSection
	GlobalSection(ExtensibilityGlobals) = postSolution
		SolutionGuid = {4E860649-E7FC-4CC5-83D6-B574958B798F}
	EndGlobalSection
EndGlobal
